github.com/lib/pq v1.10.9 h1:YXG7RB+JIjhP29X+OtkiDnYaXQwpS4JEWq7dtCCRUEw=
github.com/lib/pq v1.10.9/go.mod h1:AlVN5x4E4T544tWzH6hKfbfQvm3HdbOxrmggDNAPY9o=
github.com/sashabaranov/go-openai v1.30.3 h1:TEdRP3otRXX2A7vLoU+kI5XpoSo7VUUlM/rEttUqgek=
github.com/sashabaranov/go-openai v1.30.3/go.mod h1:lj5b/K+zjTSFxVLijLSTDZuP7adOgerWeFyZLUhAKRg=
